// !$*UTF8*$!
{
	archiveVersion = 1;
	classes = {
	};
	objectVersion = 77;
	objects = {

/* Begin PBXContainerItemProxy section */
		A402950D2DF857CB0031C5C0 /* PBXContainerItemProxy */ = {
			isa = PBXContainerItemProxy;
			containerPortal = A40294F72DF857CA0031C5C0 /* Project object */;
			proxyType = 1;
			remoteGlobalIDString = A40294FE2DF857CA0031C5C0;
			remoteInfo = "Pocket Physics";
		};
		A40295172DF857CB0031C5C0 /* PBXContainerItemProxy */ = {
			isa = PBXContainerItemProxy;
			containerPortal = A40294F72DF857CA0031C5C0 /* Project object */;
			proxyType = 1;
			remoteGlobalIDString = A40294FE2DF857CA0031C5C0;
			remoteInfo = "Pocket Physics";
		};
/* End PBXContainerItemProxy section */

/* Begin PBXFileReference section */
		A40294FF2DF857CA0031C5C0 /* Pocket Physics.app */ = {isa = PBXFileReference; explicitFileType = wrapper.application; includeInIndex = 0; path = "Pocket Physics.app"; sourceTree = BUILT_PRODUCTS_DIR; };
		A402950C2DF857CB0031C5C0 /* Pocket PhysicsTests.xctest */ = {isa = PBXFileReference; explicitFileType = wrapper.cfbundle; includeInIndex = 0; path = "Pocket PhysicsTests.xctest"; sourceTree = BUILT_PRODUCTS_DIR; };
		A40295162DF857CB0031C5C0 /* Pocket PhysicsUITests.xctest */ = {isa = PBXFileReference; explicitFileType = wrapper.cfbundle; includeInIndex = 0; path = "Pocket PhysicsUITests.xctest"; sourceTree = BUILT_PRODUCTS_DIR; };
/* End PBXFileReference section */

/* Begin PBXFileSystemSynchronizedRootGroup section */
		A40295012DF857CA0031C5C0 /* Pocket Physics */ = {
			isa = PBXFileSystemSynchronizedRootGroup;
			path = "Pocket Physics";
			sourceTree = "<group>";
		};
		A402950F2DF857CB0031C5C0 /* Pocket PhysicsTests */ = {
			isa = PBXFileSystemSynchronizedRootGroup;
			path = "Pocket PhysicsTests";
			sourceTree = "<group>";
		};
		A40295192DF857CB0031C5C0 /* Pocket PhysicsUITests */ = {
			isa = PBXFileSystemSynchronizedRootGroup;
			path = "Pocket PhysicsUITests";
			sourceTree = "<group>";
		};
/* End PBXFileSystemSynchronizedRootGroup section */

/* Begin PBXFrameworksBuildPhase section */
		A40294FC2DF857CA0031C5C0 /* Frameworks */ = {
			isa = PBXFrameworksBuildPhase;
			buildActionMask = 2147483647;
			files = (
			);
			runOnlyForDeploymentPostprocessing = 0;
		};
		A40295092DF857CB0031C5C0 /* Frameworks */ = {
			isa = PBXFrameworksBuildPhase;
			buildActionMask = 2147483647;
			files = (
			);
			runOnlyForDeploymentPostprocessing = 0;
		};
		A40295132DF857CB0031C5C0 /* Frameworks */ = {
			isa = PBXFrameworksBuildPhase;
			buildActionMask = 2147483647;
			files = (
			);
			runOnlyForDeploymentPostprocessing = 0;
		};
/* End PBXFrameworksBuildPhase section */

/* Begin PBXGroup section */
		A40294F62DF857CA0031C5C0 = {
			isa = PBXGroup;
			children = (
				A40295012DF857CA0031C5C0 /* Pocket Physics */,
				A402950F2DF857CB0031C5C0 /* Pocket PhysicsTests */,
				A40295192DF857CB0031C5C0 /* Pocket PhysicsUITests */,
				A40295002DF857CA0031C5C0 /* Products */,
			);
			sourceTree = "<group>";
		};
		A40295002DF857CA0031C5C0 /* Products */ = {
			isa = PBXGroup;
			children = (
				A40294FF2DF857CA0031C5C0 /* Pocket Physics.app */,
				A402950C2DF857CB0031C5C0 /* Pocket PhysicsTests.xctest */,
				A40295162DF857CB0031C5C0 /* Pocket PhysicsUITests.xctest */,
			);
			name = Products;
			sourceTree = "<group>";
		};
/* End PBXGroup section */

/* Begin PBXNativeTarget section */
		A40294FE2DF857CA0031C5C0 /* Pocket Physics */ = {
			isa = PBXNativeTarget;
			buildConfigurationList = A40295202DF857CB0031C5C0 /* Build configuration list for PBXNativeTarget "Pocket Physics" */;
			buildPhases = (
				A40294FB2DF857CA0031C5C0 /* Sources */,
				A40294FC2DF857CA0031C5C0 /* Frameworks */,
				A40294FD2DF857CA0031C5C0 /* Resources */,
			);
			buildRules = (
			);
			dependencies = (
			);
			fileSystemSynchronizedGroups = (
				A40295012DF857CA0031C5C0 /* Pocket Physics */,
			);
			name = "Pocket Physics";
			packageProductDependencies = (
			);
			productName = "Pocket Physics";
			productReference = A40294FF2DF857CA0031C5C0 /* Pocket Physics.app */;
			productType = "com.apple.product-type.application";
		};
		A402950B2DF857CB0031C5C0 /* Pocket PhysicsTests */ = {
			isa = PBXNativeTarget;
			buildConfigurationList = A40295232DF857CB0031C5C0 /* Build configuration list for PBXNativeTarget "Pocket PhysicsTests" */;
			buildPhases = (
				A40295082DF857CB0031C5C0 /* Sources */,
				A40295092DF857CB0031C5C0 /* Frameworks */,
				A402950A2DF857CB0031C5C0 /* Resources */,
			);
			buildRules = (
			);
			dependencies = (
				A402950E2DF857CB0031C5C0 /* PBXTargetDependency */,
			);
			fileSystemSynchronizedGroups = (
				A402950F2DF857CB0031C5C0 /* Pocket PhysicsTests */,
			);
			name = "Pocket PhysicsTests";
			packageProductDependencies = (
			);
			productName = "Pocket PhysicsTests";
			productReference = A402950C2DF857CB0031C5C0 /* Pocket PhysicsTests.xctest */;
			productType = "com.apple.product-type.bundle.unit-test";
		};
		A40295152DF857CB0031C5C0 /* Pocket PhysicsUITests */ = {
			isa = PBXNativeTarget;
			buildConfigurationList = A40295262DF857CB0031C5C0 /* Build configuration list for PBXNativeTarget "Pocket PhysicsUITests" */;
			buildPhases = (
				A40295122DF857CB0031C5C0 /* Sources */,
				A40295132DF857CB0031C5C0 /* Frameworks */,
				A40295142DF857CB0031C5C0 /* Resources */,
			);
			buildRules = (
			);
			dependencies = (
				A40295182DF857CB0031C5C0 /* PBXTargetDependency */,
			);
			fileSystemSynchronizedGroups = (
				A40295192DF857CB0031C5C0 /* Pocket PhysicsUITests */,
			);
			name = "Pocket PhysicsUITests";
			packageProductDependencies = (
			);
			productName = "Pocket PhysicsUITests";
			productReference = A40295162DF857CB0031C5C0 /* Pocket PhysicsUITests.xctest */;
			productType = "com.apple.product-type.bundle.ui-testing";
		};
/* End PBXNativeTarget section */

/* Begin PBXProject section */
		A40294F72DF857CA0031C5C0 /* Project object */ = {
			isa = PBXProject;
			attributes = {
				BuildIndependentTargetsInParallel = 1;
				LastSwiftUpdateCheck = 1640;
				LastUpgradeCheck = 1640;
				TargetAttributes = {
					A40294FE2DF857CA0031C5C0 = {
						CreatedOnToolsVersion = 16.4;
					};
					A402950B2DF857CB0031C5C0 = {
						CreatedOnToolsVersion = 16.4;
						TestTargetID = A40294FE2DF857CA0031C5C0;
					};
					A40295152DF857CB0031C5C0 = {
						CreatedOnToolsVersion = 16.4;
						TestTargetID = A40294FE2DF857CA0031C5C0;
					};
				};
			};
			buildConfigurationList = A40294FA2DF857CA0031C5C0 /* Build configuration list for PBXProject "Pocket Physics" */;
			developmentRegion = en;
			hasScannedForEncodings = 0;
			knownRegions = (
				en,
				Base,
			);
			mainGroup = A40294F62DF857CA0031C5C0;
			minimizedProjectReferenceProxies = 1;
			preferredProjectObjectVersion = 77;
			productRefGroup = A40295002DF857CA0031C5C0 /* Products */;
			projectDirPath = "";
			projectRoot = "";
			targets = (
				A40294FE2DF857CA0031C5C0 /* Pocket Physics */,
				A402950B2DF857CB0031C5C0 /* Pocket PhysicsTests */,
				A40295152DF857CB0031C5C0 /* Pocket PhysicsUITests */,
			);
		};
/* End PBXProject section */

/* Begin PBXResourcesBuildPhase section */
		A40294FD2DF857CA0031C5C0 /* Resources */ = {
			isa = PBXResourcesBuildPhase;
			buildActionMask = 2147483647;
			files = (
			);
			runOnlyForDeploymentPostprocessing = 0;
		};
		A402950A2DF857CB0031C5C0 /* Resources */ = {
			isa = PBXResourcesBuildPhase;
			buildActionMask = 2147483647;
			files = (
			);
			runOnlyForDeploymentPostprocessing = 0;
		};
		A40295142DF857CB0031C5C0 /* Resources */ = {
			isa = PBXResourcesBuildPhase;
			buildActionMask = 2147483647;
			files = (
			);
			runOnlyForDeploymentPostprocessing = 0;
		};
/* End PBXResourcesBuildPhase section */

/* Begin PBXSourcesBuildPhase section */
		A40294FB2DF857CA0031C5C0 /* Sources */ = {
			isa = PBXSourcesBuildPhase;
			buildActionMask = 2147483647;
			files = (
			);
			runOnlyForDeploymentPostprocessing = 0;
		};
		A40295082DF857CB0031C5C0 /* Sources */ = {
			isa = PBXSourcesBuildPhase;
			buildActionMask = 2147483647;
			files = (
			);
			runOnlyForDeploymentPostprocessing = 0;
		};
		A40295122DF857CB0031C5C0 /* Sources */ = {
			isa = PBXSourcesBuildPhase;
			buildActionMask = 2147483647;
			files = (
			);
			runOnlyForDeploymentPostprocessing = 0;
		};
/* End PBXSourcesBuildPhase section */

/* Begin PBXTargetDependency section */
		A402950E2DF857CB0031C5C0 /* PBXTargetDependency */ = {
			isa = PBXTargetDependency;
			target = A40294FE2DF857CA0031C5C0 /* Pocket Physics */;
			targetProxy = A402950D2DF857CB0031C5C0 /* PBXContainerItemProxy */;
		};
		A40295182DF857CB0031C5C0 /* PBXTargetDependency */ = {
			isa = PBXTargetDependency;
			target = A40294FE2DF857CA0031C5C0 /* Pocket Physics */;
			targetProxy = A40295172DF857CB0031C5C0 /* PBXContainerItemProxy */;
		};
/* End PBXTargetDependency section */

/* Begin XCBuildConfiguration section */
		A402951E2DF857CB0031C5C0 /* Debug */ = {
			isa = XCBuildConfiguration;
			buildSettings = {
				ALWAYS_SEARCH_USER_PATHS = NO;
				ASSETCATALOG_COMPILER_GENERATE_SWIFT_ASSET_SYMBOL_EXTENSIONS = YES;
				CLANG_ANALYZER_NONNULL = YES;
				CLANG_ANALYZER_NUMBER_OBJECT_CONVERSION = YES_AGGRESSIVE;
				CLANG_CXX_LANGUAGE_STANDARD = "gnu++20";
				CLANG_ENABLE_MODULES = YES;
				CLANG_ENABLE_OBJC_ARC = YES;
				CLANG_ENABLE_OBJC_WEAK = YES;
				CLANG_WARN_BLOCK_CAPTURE_AUTORELEASING = YES;
				CLANG_WARN_BOOL_CONVERSION = YES;
				CLANG_WARN_COMMA = YES;
				CLANG_WARN_CONSTANT_CONVERSION = YES;
				CLANG_WARN_DEPRECATED_OBJC_IMPLEMENTATIONS = YES;
				CLANG_WARN_DIRECT_OBJC_ISA_USAGE = YES_ERROR;
				CLANG_WARN_DOCUMENTATION_COMMENTS = YES;
				CLANG_WARN_EMPTY_BODY = YES;
				CLANG_WARN_ENUM_CONVERSION = YES;
				CLANG_WARN_INFINITE_RECURSION = YES;
				CLANG_WARN_INT_CONVERSION = YES;
				CLANG_WARN_NON_LITERAL_NULL_CONVERSION = YES;
				CLANG_WARN_OBJC_IMPLICIT_RETAIN_SELF = YES;
				CLANG_WARN_OBJC_LITERAL_CONVERSION = YES;
				CLANG_WARN_OBJC_ROOT_CLASS = YES_ERROR;
				CLANG_WARN_QUOTED_INCLUDE_IN_FRAMEWORK_HEADER = YES;
				CLANG_WARN_RANGE_LOOP_ANALYSIS = YES;
				CLANG_WARN_STRICT_PROTOTYPES = YES;
				CLANG_WARN_SUSPICIOUS_MOVE = YES;
				CLANG_WARN_UNGUARDED_AVAILABILITY = YES_AGGRESSIVE;
				CLANG_WARN_UNREACHABLE_CODE = YES;
				CLANG_WARN__DUPLICATE_METHOD_MATCH = YES;
				COPY_PHASE_STRIP = NO;
				DEBUG_INFORMATION_FORMAT = dwarf;
				ENABLE_STRICT_OBJC_MSGSEND = YES;
				ENABLE_TESTABILITY = YES;
				ENABLE_USER_SCRIPT_SANDBOXING = YES;
				GCC_C_LANGUAGE_STANDARD = gnu17;
				GCC_DYNAMIC_NO_PIC = NO;
				GCC_NO_COMMON_BLOCKS = YES;
				GCC_OPTIMIZATION_LEVEL = 0;
				GCC_PREPROCESSOR_DEFINITIONS = (
					"DEBUG=1",
					"$(inherited)",
				);
				GCC_WARN_64_TO_32_BIT_CONVERSION = YES;
				GCC_WARN_ABOUT_RETURN_TYPE = YES_ERROR;
				GCC_WARN_UNDECLARED_SELECTOR = YES;
				GCC_WARN_UNINITIALIZED_AUTOS = YES_AGGRESSIVE;
				GCC_WARN_UNUSED_FUNCTION = YES;
				GCC_WARN_UNUSED_VARIABLE = YES;
				IPHONEOS_DEPLOYMENT_TARGET = 18.5;
				LOCALIZATION_PREFERS_STRING_CATALOGS = YES;
				MTL_ENABLE_DEBUG_INFO = INCLUDE_SOURCE;
				MTL_FAST_MATH = YES;
				ONLY_ACTIVE_ARCH = YES;
				SDKROOT = iphoneos;
				SWIFT_ACTIVE_COMPILATION_CONDITIONS = "DEBUG $(inherited)";
				SWIFT_OPTIMIZATION_LEVEL = "-Onone";
			};
			name = Debug;
		};
		A402951F2DF857CB0031C5C0 /* Release */ = {
			isa = XCBuildConfiguration;
			buildSettings = {
				ALWAYS_SEARCH_USER_PATHS = NO;
				ASSETCATALOG_COMPILER_GENERATE_SWIFT_ASSET_SYMBOL_EXTENSIONS = YES;
				CLANG_ANALYZER_NONNULL = YES;
				CLANG_ANALYZER_NUMBER_OBJECT_CONVERSION = YES_AGGRESSIVE;
				CLANG_CXX_LANGUAGE_STANDARD = "gnu++20";
				CLANG_ENABLE_MODULES = YES;
				CLANG_ENABLE_OBJC_ARC = YES;
				CLANG_ENABLE_OBJC_WEAK = YES;
				CLANG_WARN_BLOCK_CAPTURE_AUTORELEASING = YES;
				CLANG_WARN_BOOL_CONVERSION = YES;
				CLANG_WARN_COMMA = YES;
				CLANG_WARN_CONSTANT_CONVERSION = YES;
				CLANG_WARN_DEPRECATED_OBJC_IMPLEMENTATIONS = YES;
				CLANG_WARN_DIRECT_OBJC_ISA_USAGE = YES_ERROR;
				CLANG_WARN_DOCUMENTATION_COMMENTS = YES;
				CLANG_WARN_EMPTY_BODY = YES;
				CLANG_WARN_ENUM_CONVERSION = YES;
				CLANG_WARN_INFINITE_RECURSION = YES;
				CLANG_WARN_INT_CONVERSION = YES;
				CLANG_WARN_NON_LITERAL_NULL_CONVERSION = YES;
				CLANG_WARN_OBJC_IMPLICIT_RETAIN_SELF = YES;
				CLANG_WARN_OBJC_LITERAL_CONVERSION = YES;
				CLANG_WARN_OBJC_ROOT_CLASS = YES_ERROR;
				CLANG_WARN_QUOTED_INCLUDE_IN_FRAMEWORK_HEADER = YES;
				CLANG_WARN_RANGE_LOOP_ANALYSIS = YES;
				CLANG_WARN_STRICT_PROTOTYPES = YES;
				CLANG_WARN_SUSPICIOUS_MOVE = YES;
				CLANG_WARN_UNGUARDED_AVAILABILITY = YES_AGGRESSIVE;
				CLANG_WARN_UNREACHABLE_CODE = YES;
				CLANG_WARN__DUPLICATE_METHOD_MATCH = YES;
				COPY_PHASE_STRIP = NO;
				DEBUG_INFORMATION_FORMAT = "dwarf-with-dsym";
				ENABLE_NS_ASSERTIONS = NO;
				ENABLE_STRICT_OBJC_MSGSEND = YES;
				ENABLE_USER_SCRIPT_SANDBOXING = YES;
				GCC_C_LANGUAGE_STANDARD = gnu17;
				GCC_NO_COMMON_BLOCKS = YES;
				GCC_WARN_64_TO_32_BIT_CONVERSION = YES;
				GCC_WARN_ABOUT_RETURN_TYPE = YES_ERROR;
				GCC_WARN_UNDECLARED_SELECTOR = YES;
				GCC_WARN_UNINITIALIZED_AUTOS = YES_AGGRESSIVE;
				GCC_WARN_UNUSED_FUNCTION = YES;
				GCC_WARN_UNUSED_VARIABLE = YES;
				IPHONEOS_DEPLOYMENT_TARGET = 18.5;
				LOCALIZATION_PREFERS_STRING_CATALOGS = YES;
				MTL_ENABLE_DEBUG_INFO = NO;
				MTL_FAST_MATH = YES;
				SDKROOT = iphoneos;
				SWIFT_COMPILATION_MODE = wholemodule;
				VALIDATE_PRODUCT = YES;
			};
			name = Release;
		};
		A40295212DF857CB0031C5C0 /* Debug */ = {
			isa = XCBuildConfiguration;
			buildSettings = {
				ASSETCATALOG_COMPILER_APPICON_NAME = AppIcon;
				ASSETCATALOG_COMPILER_GLOBAL_ACCENT_COLOR_NAME = AccentColor;
				CODE_SIGN_STYLE = Automatic;
				CURRENT_PROJECT_VERSION = 1;
				ENABLE_PREVIEWS = YES;
				GENERATE_INFOPLIST_FILE = YES;
				INFOPLIST_KEY_UIApplicationSceneManifest_Generation = YES;
				INFOPLIST_KEY_UIApplicationSupportsIndirectInputEvents = YES;
				INFOPLIST_KEY_UILaunchScreen_Generation = YES;
				INFOPLIST_KEY_UISupportedInterfaceOrientations_iPad = "UIInterfaceOrientationPortrait UIInterfaceOrientationPortraitUpsideDown UIInterfaceOrientationLandscapeLeft UIInterfaceOrientationLandscapeRight";
				INFOPLIST_KEY_UISupportedInterfaceOrientations_iPhone = "UIInterfaceOrientationPortrait UIInterfaceOrientationLandscapeLeft UIInterfaceOrientationLandscapeRight";
				LD_RUNPATH_SEARCH_PATHS = (
					"$(inherited)",
					"@executable_path/Frameworks",
				);
				MARKETING_VERSION = 1.0;
				PRODUCT_BUNDLE_IDENTIFIER = "Gigi.Pocket-Physics";
				PRODUCT_NAME = "$(TARGET_NAME)";
				SWIFT_EMIT_LOC_STRINGS = YES;
				SWIFT_VERSION = 5.0;
				TARGETED_DEVICE_FAMILY = "1,2";
			};
			name = Debug;
		};
		A40295222DF857CB0031C5C0 /* Release */ = {
			isa = XCBuildConfiguration;
			buildSettings = {
				ASSETCATALOG_COMPILER_APPICON_NAME = AppIcon;
				ASSETCATALOG_COMPILER_GLOBAL_ACCENT_COLOR_NAME = AccentColor;
				CODE_SIGN_STYLE = Automatic;
				CURRENT_PROJECT_VERSION = 1;
				ENABLE_PREVIEWS = YES;
				GENERATE_INFOPLIST_FILE = YES;
				INFOPLIST_KEY_UIApplicationSceneManifest_Generation = YES;
				INFOPLIST_KEY_UIApplicationSupportsIndirectInputEvents = YES;
				INFOPLIST_KEY_UILaunchScreen_Generation = YES;
				INFOPLIST_KEY_UISupportedInterfaceOrientations_iPad = "UIInterfaceOrientationPortrait UIInterfaceOrientationPortraitUpsideDown UIInterfaceOrientationLandscapeLeft UIInterfaceOrientationLandscapeRight";
				INFOPLIST_KEY_UISupportedInterfaceOrientations_iPhone = "UIInterfaceOrientationPortrait UIInterfaceOrientationLandscapeLeft UIInterfaceOrientationLandscapeRight";
				LD_RUNPATH_SEARCH_PATHS = (
					"$(inherited)",
					"@executable_path/Frameworks",
				);
				MARKETING_VERSION = 1.0;
				PRODUCT_BUNDLE_IDENTIFIER = "Gigi.Pocket-Physics";
				PRODUCT_NAME = "$(TARGET_NAME)";
				SWIFT_EMIT_LOC_STRINGS = YES;
				SWIFT_VERSION = 5.0;
				TARGETED_DEVICE_FAMILY = "1,2";
			};
			name = Release;
		};
		A40295242DF857CB0031C5C0 /* Debug */ = {
			isa = XCBuildConfiguration;
			buildSettings = {
				BUNDLE_LOADER = "$(TEST_HOST)";
				CODE_SIGN_STYLE = Automatic;
				CURRENT_PROJECT_VERSION = 1;
				GENERATE_INFOPLIST_FILE = YES;
				IPHONEOS_DEPLOYMENT_TARGET = 18.5;
				MARKETING_VERSION = 1.0;
				PRODUCT_BUNDLE_IDENTIFIER = "Gigi.Pocket-PhysicsTests";
				PRODUCT_NAME = "$(TARGET_NAME)";
				SWIFT_EMIT_LOC_STRINGS = NO;
				SWIFT_VERSION = 5.0;
				TARGETED_DEVICE_FAMILY = "1,2";
				TEST_HOST = "$(BUILT_PRODUCTS_DIR)/Pocket Physics.app/$(BUNDLE_EXECUTABLE_FOLDER_PATH)/Pocket Physics";
			};
			name = Debug;
		};
		A40295252DF857CB0031C5C0 /* Release */ = {
			isa = XCBuildConfiguration;
			buildSettings = {
				BUNDLE_LOADER = "$(TEST_HOST)";
				CODE_SIGN_STYLE = Automatic;
				CURRENT_PROJECT_VERSION = 1;
				GENERATE_INFOPLIST_FILE = YES;
				IPHONEOS_DEPLOYMENT_TARGET = 18.5;
				MARKETING_VERSION = 1.0;
				PRODUCT_BUNDLE_IDENTIFIER = "Gigi.Pocket-PhysicsTests";
				PRODUCT_NAME = "$(TARGET_NAME)";
				SWIFT_EMIT_LOC_STRINGS = NO;
				SWIFT_VERSION = 5.0;
				TARGETED_DEVICE_FAMILY = "1,2";
				TEST_HOST = "$(BUILT_PRODUCTS_DIR)/Pocket Physics.app/$(BUNDLE_EXECUTABLE_FOLDER_PATH)/Pocket Physics";
			};
			name = Release;
		};
		A40295272DF857CB0031C5C0 /* Debug */ = {
			isa = XCBuildConfiguration;
			buildSettings = {
				CODE_SIGN_STYLE = Automatic;
				CURRENT_PROJECT_VERSION = 1;
				GENERATE_INFOPLIST_FILE = YES;
				MARKETING_VERSION = 1.0;
				PRODUCT_BUNDLE_IDENTIFIER = "Gigi.Pocket-PhysicsUITests";
				PRODUCT_NAME = "$(TARGET_NAME)";
				SWIFT_EMIT_LOC_STRINGS = NO;
				SWIFT_VERSION = 5.0;
				TARGETED_DEVICE_FAMILY = "1,2";
				TEST_TARGET_NAME = "Pocket Physics";
			};
			name = Debug;
		};
		A40295282DF857CB0031C5C0 /* Release */ = {
			isa = XCBuildConfiguration;
			buildSettings = {
				CODE_SIGN_STYLE = Automatic;
				CURRENT_PROJECT_VERSION = 1;
				GENERATE_INFOPLIST_FILE = YES;
				MARKETING_VERSION = 1.0;
				PRODUCT_BUNDLE_IDENTIFIER = "Gigi.Pocket-PhysicsUITests";
				PRODUCT_NAME = "$(TARGET_NAME)";
				SWIFT_EMIT_LOC_STRINGS = NO;
				SWIFT_VERSION = 5.0;
				TARGETED_DEVICE_FAMILY = "1,2";
				TEST_TARGET_NAME = "Pocket Physics";
			};
			name = Release;
		};
/* End XCBuildConfiguration section */

/* Begin XCConfigurationList section */
		A40294FA2DF857CA0031C5C0 /* Build configuration list for PBXProject "Pocket Physics" */ = {
			isa = XCConfigurationList;
			buildConfigurations = (
				A402951E2DF857CB0031C5C0 /* Debug */,
				A402951F2DF857CB0031C5C0 /* Release */,
			);
			defaultConfigurationIsVisible = 0;
			defaultConfigurationName = Release;
		};
		A40295202DF857CB0031C5C0 /* Build configuration list for PBXNativeTarget "Pocket Physics" */ = {
			isa = XCConfigurationList;
			buildConfigurations = (
				A40295212DF857CB0031C5C0 /* Debug */,
				A40295222DF857CB0031C5C0 /* Release */,
			);
			defaultConfigurationIsVisible = 0;
			defaultConfigurationName = Release;
		};
		A40295232DF857CB0031C5C0 /* Build configuration list for PBXNativeTarget "Pocket PhysicsTests" */ = {
			isa = XCConfigurationList;
			buildConfigurations = (
				A40295242DF857CB0031C5C0 /* Debug */,
				A40295252DF857CB0031C5C0 /* Release */,
			);
			defaultConfigurationIsVisible = 0;
			defaultConfigurationName = Release;
		};
		A40295262DF857CB0031C5C0 /* Build configuration list for PBXNativeTarget "Pocket PhysicsUITests" */ = {
			isa = XCConfigurationList;
			buildConfigurations = (
				A40295272DF857CB0031C5C0 /* Debug */,
				A40295282DF857CB0031C5C0 /* Release */,
			);
			defaultConfigurationIsVisible = 0;
			defaultConfigurationName = Release;
		};
/* End XCConfigurationList section */
	};
	rootObject = A40294F72DF857CA0031C5C0 /* Project object */;
}
